
Microsoft Visual Studio Solution File, Format Version 12.00
# Visual Studio Version 17
VisualStudioVersion = 17.5.33530.505
MinimumVisualStudioVersion = 10.0.40219.1
Project("{FAE04EC0-301F-11D3-BF4B-00C04F79EFBC}") = "AppExamenSv.Android", "AppExamenSv\AppExamenSv.Android\AppExamenSv.Android.csproj", "{6C4639BA-F461-451F-B04E-991F286750B8}"
EndProject
Project("{FAE04EC0-301F-11D3-BF4B-00C04F79EFBC}") = "AppExamenSv.iOS", "AppExamenSv\AppExamenSv.iOS\AppExamenSv.iOS.csproj", "{3E125258-0E99-4B26-BA16-7943FAF9B46A}"
EndProject
Project("{FAE04EC0-301F-11D3-BF4B-00C04F79EFBC}") = "AppExamenSv", "AppExamenSv\AppExamenSv\AppExamenSv.csproj", "{BBAD4355-7450-4250-A040-0B27DAAEA6E5}"
EndProject
Global
	GlobalSection(SolutionConfigurationPlatforms) = preSolution
		Debug|Any CPU = Debug|Any CPU
		Debug|iPhone = Debug|iPhone
		Debug|iPhoneSimulator = Debug|iPhoneSimulator
		Release|Any CPU = Release|Any CPU
		Release|iPhone = Release|iPhone
		Release|iPhoneSimulator = Release|iPhoneSimulator
	EndGlobalSection
	GlobalSection(ProjectConfigurationPlatforms) = postSolution
		{6C4639BA-F461-451F-B04E-991F286750B8}.Debug|Any CPU.ActiveCfg = Debug|Any CPU
		{6C4639BA-F461-451F-B04E-991F286750B8}.Debug|Any CPU.Build.0 = Debug|Any CPU
		{6C4639BA-F461-451F-B04E-991F286750B8}.Debug|Any CPU.Deploy.0 = Debug|Any CPU
		{6C4639BA-F461-451F-B04E-991F286750B8}.Debug|iPhone.ActiveCfg = Debug|Any CPU
		{6C4639BA-F461-451F-B04E-991F286750B8}.Debug|iPhone.Build.0 = Debug|Any CPU
		{6C4639BA-F461-451F-B04E-991F286750B8}.Debug|iPhone.Deploy.0 = Debug|Any CPU
		{6C4639BA-F461-451F-B04E-991F286750B8}.Debug|iPhoneSimulator.ActiveCfg = Debug|Any CPU
		{6C4639BA-F461-451F-B04E-991F286750B8}.Debug|iPhoneSimulator.Build.0 = Debug|Any CPU
		{6C4639BA-F461-451F-B04E-991F286750B8}.Debug|iPhoneSimulator.Deploy.0 = Debug|Any CPU
		{6C4639BA-F461-451F-B04E-991F286750B8}.Release|Any CPU.ActiveCfg = Release|Any CPU
		{6C4639BA-F461-451F-B04E-991F286750B8}.Release|Any CPU.Build.0 = Release|Any CPU
		{6C4639BA-F461-451F-B04E-991F286750B8}.Release|Any CPU.Deploy.0 = Release|Any CPU
		{6C4639BA-F461-451F-B04E-991F286750B8}.Release|iPhone.ActiveCfg = Release|Any CPU
		{6C4639BA-F461-451F-B04E-991F286750B8}.Release|iPhone.Build.0 = Release|Any CPU
		{6C4639BA-F461-451F-B04E-991F286750B8}.Release|iPhone.Deploy.0 = Release|Any CPU
		{6C4639BA-F461-451F-B04E-991F286750B8}.Release|iPhoneSimulator.ActiveCfg = Release|Any CPU
		{6C4639BA-F461-451F-B04E-991F286750B8}.Release|iPhoneSimulator.Build.0 = Release|Any CPU
		{6C4639BA-F461-451F-B04E-991F286750B8}.Release|iPhoneSimulator.Deploy.0 = Release|Any CPU
		{3E125258-0E99-4B26-BA16-7943FAF9B46A}.Debug|Any CPU.ActiveCfg = Debug|iPhone
		{3E125258-0E99-4B26-BA16-7943FAF9B46A}.Debug|Any CPU.Build.0 = Debug|iPhone
		{3E125258-0E99-4B26-BA16-7943FAF9B46A}.Debug|Any CPU.Deploy.0 = Debug|iPhone
		{3E125258-0E99-4B26-BA16-7943FAF9B46A}.Debug|iPhone.ActiveCfg = Debug|iPhone
		{3E125258-0E99-4B26-BA16-7943FAF9B46A}.Debug|iPhone.Build.0 = Debug|iPhone
		{3E125258-0E99-4B26-BA16-7943FAF9B46A}.Debug|iPhone.Deploy.0 = Debug|iPhone
		{3E125258-0E99-4B26-BA16-7943FAF9B46A}.Debug|iPhoneSimulator.ActiveCfg = Debug|iPhoneSimulator
		{3E125258-0E99-4B26-BA16-7943FAF9B46A}.Debug|iPhoneSimulator.Build.0 = Debug|iPhoneSimulator
		{3E125258-0E99-4B26-BA16-7943FAF9B46A}.Debug|iPhoneSimulator.Deploy.0 = Debug|iPhoneSimulator
		{3E125258-0E99-4B26-BA16-7943FAF9B46A}.Release|Any CPU.ActiveCfg = Release|iPhoneSimulator
		{3E125258-0E99-4B26-BA16-7943FAF9B46A}.Release|Any CPU.Build.0 = Release|iPhoneSimulator
		{3E125258-0E99-4B26-BA16-7943FAF9B46A}.Release|Any CPU.Deploy.0 = Release|iPhoneSimulator
		{3E125258-0E99-4B26-BA16-7943FAF9B46A}.Release|iPhone.ActiveCfg = Release|iPhone
		{3E125258-0E99-4B26-BA16-7943FAF9B46A}.Release|iPhone.Build.0 = Release|iPhone
		{3E125258-0E99-4B26-BA16-7943FAF9B46A}.Release|iPhone.Deploy.0 = Release|iPhone
		{3E125258-0E99-4B26-BA16-7943FAF9B46A}.Release|iPhoneSimulator.ActiveCfg = Release|iPhoneSimulator
		{3E125258-0E99-4B26-BA16-7943FAF9B46A}.Release|iPhoneSimulator.Build.0 = Release|iPhoneSimulator
		{3E125258-0E99-4B26-BA16-7943FAF9B46A}.Release|iPhoneSimulator.Deploy.0 = Release|iPhoneSimulator
		{BBAD4355-7450-4250-A040-0B27DAAEA6E5}.Debug|Any CPU.ActiveCfg = Debug|Any CPU
		{BBAD4355-7450-4250-A040-0B27DAAEA6E5}.Debug|Any CPU.Build.0 = Debug|Any CPU
		{BBAD4355-7450-4250-A040-0B27DAAEA6E5}.Debug|Any CPU.Deploy.0 = Debug|Any CPU
		{BBAD4355-7450-4250-A040-0B27DAAEA6E5}.Debug|iPhone.ActiveCfg = Debug|Any CPU
		{BBAD4355-7450-4250-A040-0B27DAAEA6E5}.Debug|iPhone.Build.0 = Debug|Any CPU
		{BBAD4355-7450-4250-A040-0B27DAAEA6E5}.Debug|iPhone.Deploy.0 = Debug|Any CPU
		{BBAD4355-7450-4250-A040-0B27DAAEA6E5}.Debug|iPhoneSimulator.ActiveCfg = Debug|Any CPU
		{BBAD4355-7450-4250-A040-0B27DAAEA6E5}.Debug|iPhoneSimulator.Build.0 = Debug|Any CPU
		{BBAD4355-7450-4250-A040-0B27DAAEA6E5}.Debug|iPhoneSimulator.Deploy.0 = Debug|Any CPU
		{BBAD4355-7450-4250-A040-0B27DAAEA6E5}.Release|Any CPU.ActiveCfg = Release|Any CPU
		{BBAD4355-7450-4250-A040-0B27DAAEA6E5}.Release|Any CPU.Build.0 = Release|Any CPU
		{BBAD4355-7450-4250-A040-0B27DAAEA6E5}.Release|Any CPU.Deploy.0 = Release|Any CPU
		{BBAD4355-7450-4250-A040-0B27DAAEA6E5}.Release|iPhone.ActiveCfg = Release|Any CPU
		{BBAD4355-7450-4250-A040-0B27DAAEA6E5}.Release|iPhone.Build.0 = Release|Any CPU
		{BBAD4355-7450-4250-A040-0B27DAAEA6E5}.Release|iPhone.Deploy.0 = Release|Any CPU
		{BBAD4355-7450-4250-A040-0B27DAAEA6E5}.Release|iPhoneSimulator.ActiveCfg = Release|Any CPU
		{BBAD4355-7450-4250-A040-0B27DAAEA6E5}.Release|iPhoneSimulator.Build.0 = Release|Any CPU
		{BBAD4355-7450-4250-A040-0B27DAAEA6E5}.Release|iPhoneSimulator.Deploy.0 = Release|Any CPU
	EndGlobalSection
	GlobalSection(SolutionProperties) = preSolution
		HideSolutionNode = FALSE
	EndGlobalSection
	GlobalSection(ExtensibilityGlobals) = postSolution
		SolutionGuid = {A1B0B621-8E79-4FE3-90D9-D0912D3A4586}
	EndGlobalSection
EndGlobal
